
Microsoft Visual Studio Solution File, Format Version 12.00
# Visual Studio Version 17
VisualStudioVersion = 17.5.33414.496
MinimumVisualStudioVersion = 10.0.40219.1
Project("{9A19103F-16F7-4668-BE54-9A1E7A4F7556}") = "skillfactory_tasks", "skillfactory_tasks\skillfactory_tasks.csproj", "{5850F4EF-0DC9-448F-A12D-4E1368A3A763}"
EndProject
Project("{9A19103F-16F7-4668-BE54-9A1E7A4F7556}") = "Task5-5-8", "PowerUp\Task5-5-8.csproj", "{A101F723-0D8F-4244-AD0E-B9193A608CEE}"
EndProject
Project("{2150E333-8FDC-42A3-9474-1A3956D46DE8}") = "module_4", "module_4", "{DC34F257-1A1C-4294-B158-12572F0798F4}"
EndProject
Project("{9A19103F-16F7-4668-BE54-9A1E7A4F7556}") = "HW-03", "HW-03\HW-03.csproj", "{F853A549-BB67-4F39-BB7E-78A03D6BFD04}"
EndProject
Project("{2150E333-8FDC-42A3-9474-1A3956D46DE8}") = "module_6", "module_6", "{64218231-E2A9-4974-A23A-F657E42890D4}"
EndProject
Project("{9A19103F-16F7-4668-BE54-9A1E7A4F7556}") = "Class_and_struct", "Class_and_struct\Class_and_struct.csproj", "{40C560CC-CFE1-4898-9EE2-1667890C2CC2}"
EndProject
Project("{2150E333-8FDC-42A3-9474-1A3956D46DE8}") = "module_7", "module_7", "{A03430D0-0B51-4A93-9AC9-DB6EC657368F}"
EndProject
Project("{9A19103F-16F7-4668-BE54-9A1E7A4F7556}") = "OnlineStore", "OnlineStore\OnlineStore.csproj", "{04C52070-A1DD-4E70-899D-6DD9B3A210AB}"
EndProject
Project("{2150E333-8FDC-42A3-9474-1A3956D46DE8}") = "module_8", "module_8", "{CE651F35-FFBB-4D4D-B80C-E027CF591E8C}"
EndProject
Project("{9A19103F-16F7-4668-BE54-9A1E7A4F7556}") = "FileSystemLesson", "FileSystemLesson\FileSystemLesson.csproj", "{F2F4F368-C5A5-4C55-8325-D3090BA37978}"
EndProject
Project("{9A19103F-16F7-4668-BE54-9A1E7A4F7556}") = "DirectoryManager", "DirectoryManager\DirectoryManager.csproj", "{0ED46C72-B7B8-4C9F-9E27-CC62479AF758}"
EndProject
Project("{9A19103F-16F7-4668-BE54-9A1E7A4F7556}") = "FileWork", "FileWork\FileWork.csproj", "{649B9AEE-D3C7-4A63-BB57-BE719A65E86A}"
EndProject
Project("{2150E333-8FDC-42A3-9474-1A3956D46DE8}") = "module_9", "module_9", "{0B6FB329-CA79-40AD-A595-C5AC53E2463B}"
EndProject
Project("{9A19103F-16F7-4668-BE54-9A1E7A4F7556}") = "DelegatePractic", "DelegatePractic\DelegatePractic.csproj", "{63D22D1B-E3C8-4DEE-B61C-47F251E7E134}"
EndProject
Project("{FAE04EC0-301F-11D3-BF4B-00C04F79EFBC}") = "Practicum_9_6_1", "Practicum_9_6\Practicum_9_6_1.csproj", "{1EBF30AF-EEB5-4777-8A2A-51C82586CF52}"
EndProject
Global
	GlobalSection(SolutionConfigurationPlatforms) = preSolution
		Debug|Any CPU = Debug|Any CPU
		Release|Any CPU = Release|Any CPU
	EndGlobalSection
	GlobalSection(ProjectConfigurationPlatforms) = postSolution
		{5850F4EF-0DC9-448F-A12D-4E1368A3A763}.Debug|Any CPU.ActiveCfg = Debug|Any CPU
		{5850F4EF-0DC9-448F-A12D-4E1368A3A763}.Debug|Any CPU.Build.0 = Debug|Any CPU
		{5850F4EF-0DC9-448F-A12D-4E1368A3A763}.Release|Any CPU.ActiveCfg = Release|Any CPU
		{5850F4EF-0DC9-448F-A12D-4E1368A3A763}.Release|Any CPU.Build.0 = Release|Any CPU
		{A101F723-0D8F-4244-AD0E-B9193A608CEE}.Debug|Any CPU.ActiveCfg = Debug|Any CPU
		{A101F723-0D8F-4244-AD0E-B9193A608CEE}.Debug|Any CPU.Build.0 = Debug|Any CPU
		{A101F723-0D8F-4244-AD0E-B9193A608CEE}.Release|Any CPU.ActiveCfg = Release|Any CPU
		{A101F723-0D8F-4244-AD0E-B9193A608CEE}.Release|Any CPU.Build.0 = Release|Any CPU
		{F853A549-BB67-4F39-BB7E-78A03D6BFD04}.Debug|Any CPU.ActiveCfg = Debug|Any CPU
		{F853A549-BB67-4F39-BB7E-78A03D6BFD04}.Debug|Any CPU.Build.0 = Debug|Any CPU
		{F853A549-BB67-4F39-BB7E-78A03D6BFD04}.Release|Any CPU.ActiveCfg = Release|Any CPU
		{F853A549-BB67-4F39-BB7E-78A03D6BFD04}.Release|Any CPU.Build.0 = Release|Any CPU
		{40C560CC-CFE1-4898-9EE2-1667890C2CC2}.Debug|Any CPU.ActiveCfg = Debug|Any CPU
		{40C560CC-CFE1-4898-9EE2-1667890C2CC2}.Debug|Any CPU.Build.0 = Debug|Any CPU
		{40C560CC-CFE1-4898-9EE2-1667890C2CC2}.Release|Any CPU.ActiveCfg = Release|Any CPU
		{40C560CC-CFE1-4898-9EE2-1667890C2CC2}.Release|Any CPU.Build.0 = Release|Any CPU
		{04C52070-A1DD-4E70-899D-6DD9B3A210AB}.Debug|Any CPU.ActiveCfg = Debug|Any CPU
		{04C52070-A1DD-4E70-899D-6DD9B3A210AB}.Debug|Any CPU.Build.0 = Debug|Any CPU
		{04C52070-A1DD-4E70-899D-6DD9B3A210AB}.Release|Any CPU.ActiveCfg = Release|Any CPU
		{04C52070-A1DD-4E70-899D-6DD9B3A210AB}.Release|Any CPU.Build.0 = Release|Any CPU
		{F2F4F368-C5A5-4C55-8325-D3090BA37978}.Debug|Any CPU.ActiveCfg = Debug|Any CPU
		{F2F4F368-C5A5-4C55-8325-D3090BA37978}.Debug|Any CPU.Build.0 = Debug|Any CPU
		{F2F4F368-C5A5-4C55-8325-D3090BA37978}.Release|Any CPU.ActiveCfg = Release|Any CPU
		{F2F4F368-C5A5-4C55-8325-D3090BA37978}.Release|Any CPU.Build.0 = Release|Any CPU
		{0ED46C72-B7B8-4C9F-9E27-CC62479AF758}.Debug|Any CPU.ActiveCfg = Debug|Any CPU
		{0ED46C72-B7B8-4C9F-9E27-CC62479AF758}.Debug|Any CPU.Build.0 = Debug|Any CPU
		{0ED46C72-B7B8-4C9F-9E27-CC62479AF758}.Release|Any CPU.ActiveCfg = Release|Any CPU
		{0ED46C72-B7B8-4C9F-9E27-CC62479AF758}.Release|Any CPU.Build.0 = Release|Any CPU
		{649B9AEE-D3C7-4A63-BB57-BE719A65E86A}.Debug|Any CPU.ActiveCfg = Debug|Any CPU
		{649B9AEE-D3C7-4A63-BB57-BE719A65E86A}.Debug|Any CPU.Build.0 = Debug|Any CPU
		{649B9AEE-D3C7-4A63-BB57-BE719A65E86A}.Release|Any CPU.ActiveCfg = Release|Any CPU
		{649B9AEE-D3C7-4A63-BB57-BE719A65E86A}.Release|Any CPU.Build.0 = Release|Any CPU
		{63D22D1B-E3C8-4DEE-B61C-47F251E7E134}.Debug|Any CPU.ActiveCfg = Debug|Any CPU
		{63D22D1B-E3C8-4DEE-B61C-47F251E7E134}.Debug|Any CPU.Build.0 = Debug|Any CPU
		{63D22D1B-E3C8-4DEE-B61C-47F251E7E134}.Release|Any CPU.ActiveCfg = Release|Any CPU
		{63D22D1B-E3C8-4DEE-B61C-47F251E7E134}.Release|Any CPU.Build.0 = Release|Any CPU
		{1EBF30AF-EEB5-4777-8A2A-51C82586CF52}.Debug|Any CPU.ActiveCfg = Debug|Any CPU
		{1EBF30AF-EEB5-4777-8A2A-51C82586CF52}.Debug|Any CPU.Build.0 = Debug|Any CPU
		{1EBF30AF-EEB5-4777-8A2A-51C82586CF52}.Release|Any CPU.ActiveCfg = Release|Any CPU
		{1EBF30AF-EEB5-4777-8A2A-51C82586CF52}.Release|Any CPU.Build.0 = Release|Any CPU
	EndGlobalSection
	GlobalSection(SolutionProperties) = preSolution
		HideSolutionNode = FALSE
	EndGlobalSection
	GlobalSection(NestedProjects) = preSolution
		{A101F723-0D8F-4244-AD0E-B9193A608CEE} = {DC34F257-1A1C-4294-B158-12572F0798F4}
		{F853A549-BB67-4F39-BB7E-78A03D6BFD04} = {DC34F257-1A1C-4294-B158-12572F0798F4}
		{40C560CC-CFE1-4898-9EE2-1667890C2CC2} = {64218231-E2A9-4974-A23A-F657E42890D4}
		{04C52070-A1DD-4E70-899D-6DD9B3A210AB} = {A03430D0-0B51-4A93-9AC9-DB6EC657368F}
		{F2F4F368-C5A5-4C55-8325-D3090BA37978} = {CE651F35-FFBB-4D4D-B80C-E027CF591E8C}
		{0ED46C72-B7B8-4C9F-9E27-CC62479AF758} = {CE651F35-FFBB-4D4D-B80C-E027CF591E8C}
		{649B9AEE-D3C7-4A63-BB57-BE719A65E86A} = {CE651F35-FFBB-4D4D-B80C-E027CF591E8C}
		{63D22D1B-E3C8-4DEE-B61C-47F251E7E134} = {0B6FB329-CA79-40AD-A595-C5AC53E2463B}
		{1EBF30AF-EEB5-4777-8A2A-51C82586CF52} = {0B6FB329-CA79-40AD-A595-C5AC53E2463B}
	EndGlobalSection
	GlobalSection(ExtensibilityGlobals) = postSolution
		SolutionGuid = {FD110C0D-34E8-4AFE-A5B0-35F608DA8072}
	EndGlobalSection
EndGlobal
